
Microsoft Visual Studio Solution File, Format Version 12.00
# Visual Studio Version 17
VisualStudioVersion = 17.4.33205.214
MinimumVisualStudioVersion = 10.0.40219.1
Project("{FAE04EC0-301F-11D3-BF4B-00C04F79EFBC}") = "Calculator", "Calculator\Calculator.csproj", "{3E6AA3EF-226A-4BB2-86B7-9B27AACEC7FF}"
EndProject
Global
	GlobalSection(SolutionConfigurationPlatforms) = preSolution
		Debug|Any CPU = Debug|Any CPU
		Release|Any CPU = Release|Any CPU
	EndGlobalSection
	GlobalSection(ProjectConfigurationPlatforms) = postSolution
		{3E6AA3EF-226A-4BB2-86B7-9B27AACEC7FF}.Debug|Any CPU.ActiveCfg = Debug|Any CPU
		{3E6AA3EF-226A-4BB2-86B7-9B27AACEC7FF}.Debug|Any CPU.Build.0 = Debug|Any CPU
		{3E6AA3EF-226A-4BB2-86B7-9B27AACEC7FF}.Release|Any CPU.ActiveCfg = Release|Any CPU
		{3E6AA3EF-226A-4BB2-86B7-9B27AACEC7FF}.Release|Any CPU.Build.0 = Release|Any CPU
	EndGlobalSection
	GlobalSection(SolutionProperties) = preSolution
		HideSolutionNode = FALSE
	EndGlobalSection
	GlobalSection(ExtensibilityGlobals) = postSolution
		SolutionGuid = {A31B5DD9-A52D-4FC1-98E5-A8D09281957E}
	EndGlobalSection
EndGlobal
